
Microsoft Visual Studio Solution File, Format Version 12.00
# Visual Studio Version 17
VisualStudioVersion = 17.0.31903.59
MinimumVisualStudioVersion = 10.0.40219.1
Project("{2150E333-8FDC-42A3-9474-1A3956D46DE8}") = "src", "src", "{83DACE29-637D-4764-8292-A055ECD3A91A}"
EndProject
Project("{FAE04EC0-301F-11D3-BF4B-00C04F79EFBC}") = "AuctionService", "src\AuctionService\AuctionService.csproj", "{79F02D3C-EA0F-406B-8B32-B9FE58C21041}"
EndProject
Project("{FAE04EC0-301F-11D3-BF4B-00C04F79EFBC}") = "SearchService", "src\SearchService\SearchService.csproj", "{1DF76FFF-FA28-4618-9748-C06893C94414}"
EndProject
Project("{FAE04EC0-301F-11D3-BF4B-00C04F79EFBC}") = "Contracts", "src\Contracts\Contracts.csproj", "{4F40E710-1D18-4E45-9EAA-84AA3E8D5416}"
EndProject
Project("{FAE04EC0-301F-11D3-BF4B-00C04F79EFBC}") = "IdentityService", "src\IdentityService\IdentityService.csproj", "{76F7F5F0-EA6B-4D21-A68D-B57D82360DC6}"
EndProject
Project("{FAE04EC0-301F-11D3-BF4B-00C04F79EFBC}") = "GatewayService", "src\GatewayService\GatewayService.csproj", "{AF2F98DC-2336-4CCD-B1C3-7B2D7A11A723}"
EndProject
Global
	GlobalSection(SolutionConfigurationPlatforms) = preSolution
		Debug|Any CPU = Debug|Any CPU
		Release|Any CPU = Release|Any CPU
	EndGlobalSection
	GlobalSection(SolutionProperties) = preSolution
		HideSolutionNode = FALSE
	EndGlobalSection
	GlobalSection(ProjectConfigurationPlatforms) = postSolution
		{79F02D3C-EA0F-406B-8B32-B9FE58C21041}.Debug|Any CPU.ActiveCfg = Debug|Any CPU
		{79F02D3C-EA0F-406B-8B32-B9FE58C21041}.Debug|Any CPU.Build.0 = Debug|Any CPU
		{79F02D3C-EA0F-406B-8B32-B9FE58C21041}.Release|Any CPU.ActiveCfg = Release|Any CPU
		{79F02D3C-EA0F-406B-8B32-B9FE58C21041}.Release|Any CPU.Build.0 = Release|Any CPU
		{1DF76FFF-FA28-4618-9748-C06893C94414}.Debug|Any CPU.ActiveCfg = Debug|Any CPU
		{1DF76FFF-FA28-4618-9748-C06893C94414}.Debug|Any CPU.Build.0 = Debug|Any CPU
		{1DF76FFF-FA28-4618-9748-C06893C94414}.Release|Any CPU.ActiveCfg = Release|Any CPU
		{1DF76FFF-FA28-4618-9748-C06893C94414}.Release|Any CPU.Build.0 = Release|Any CPU
		{4F40E710-1D18-4E45-9EAA-84AA3E8D5416}.Debug|Any CPU.ActiveCfg = Debug|Any CPU
		{4F40E710-1D18-4E45-9EAA-84AA3E8D5416}.Debug|Any CPU.Build.0 = Debug|Any CPU
		{4F40E710-1D18-4E45-9EAA-84AA3E8D5416}.Release|Any CPU.ActiveCfg = Release|Any CPU
		{4F40E710-1D18-4E45-9EAA-84AA3E8D5416}.Release|Any CPU.Build.0 = Release|Any CPU
		{76F7F5F0-EA6B-4D21-A68D-B57D82360DC6}.Debug|Any CPU.ActiveCfg = Debug|Any CPU
		{76F7F5F0-EA6B-4D21-A68D-B57D82360DC6}.Debug|Any CPU.Build.0 = Debug|Any CPU
		{76F7F5F0-EA6B-4D21-A68D-B57D82360DC6}.Release|Any CPU.ActiveCfg = Release|Any CPU
		{76F7F5F0-EA6B-4D21-A68D-B57D82360DC6}.Release|Any CPU.Build.0 = Release|Any CPU
		{AF2F98DC-2336-4CCD-B1C3-7B2D7A11A723}.Debug|Any CPU.ActiveCfg = Debug|Any CPU
		{AF2F98DC-2336-4CCD-B1C3-7B2D7A11A723}.Debug|Any CPU.Build.0 = Debug|Any CPU
		{AF2F98DC-2336-4CCD-B1C3-7B2D7A11A723}.Release|Any CPU.ActiveCfg = Release|Any CPU
		{AF2F98DC-2336-4CCD-B1C3-7B2D7A11A723}.Release|Any CPU.Build.0 = Release|Any CPU
	EndGlobalSection
	GlobalSection(NestedProjects) = preSolution
		{79F02D3C-EA0F-406B-8B32-B9FE58C21041} = {83DACE29-637D-4764-8292-A055ECD3A91A}
		{1DF76FFF-FA28-4618-9748-C06893C94414} = {83DACE29-637D-4764-8292-A055ECD3A91A}
		{4F40E710-1D18-4E45-9EAA-84AA3E8D5416} = {83DACE29-637D-4764-8292-A055ECD3A91A}
		{76F7F5F0-EA6B-4D21-A68D-B57D82360DC6} = {83DACE29-637D-4764-8292-A055ECD3A91A}
		{AF2F98DC-2336-4CCD-B1C3-7B2D7A11A723} = {83DACE29-637D-4764-8292-A055ECD3A91A}
	EndGlobalSection
EndGlobal
